
Microsoft Visual Studio Solution File, Format Version 12.00
# Visual Studio Version 17
VisualStudioVersion = 17.4.33110.190
MinimumVisualStudioVersion = 10.0.40219.1
Project("{9A19103F-16F7-4668-BE54-9A1E7A4F7556}") = "ModularFactoryInterface", "ModularFactoryInterface\ModularFactoryInterface.csproj", "{75277909-48CF-4F78-BD9C-2239652313CC}"
EndProject
Project("{9A19103F-16F7-4668-BE54-9A1E7A4F7556}") = "ModularFactoryAPI", "ModularFactoryAPI\ModularFactoryAPI.csproj", "{EB129754-2FE1-49A9-8A0C-89380A667B1F}"
EndProject
Project("{D954291E-2A0B-460D-934E-DC6B0785DB48}") = "SharedModels", "SharedModels\SharedModels.shproj", "{2B061AA0-72F4-4566-8F89-18E2439BB12E}"
EndProject
Global
	GlobalSection(SolutionConfigurationPlatforms) = preSolution
		Debug|Any CPU = Debug|Any CPU
		Release|Any CPU = Release|Any CPU
	EndGlobalSection
	GlobalSection(ProjectConfigurationPlatforms) = postSolution
		{75277909-48CF-4F78-BD9C-2239652313CC}.Debug|Any CPU.ActiveCfg = Debug|Any CPU
		{75277909-48CF-4F78-BD9C-2239652313CC}.Debug|Any CPU.Build.0 = Debug|Any CPU
		{75277909-48CF-4F78-BD9C-2239652313CC}.Release|Any CPU.ActiveCfg = Release|Any CPU
		{75277909-48CF-4F78-BD9C-2239652313CC}.Release|Any CPU.Build.0 = Release|Any CPU
		{EB129754-2FE1-49A9-8A0C-89380A667B1F}.Debug|Any CPU.ActiveCfg = Debug|Any CPU
		{EB129754-2FE1-49A9-8A0C-89380A667B1F}.Debug|Any CPU.Build.0 = Debug|Any CPU
		{EB129754-2FE1-49A9-8A0C-89380A667B1F}.Release|Any CPU.ActiveCfg = Release|Any CPU
		{EB129754-2FE1-49A9-8A0C-89380A667B1F}.Release|Any CPU.Build.0 = Release|Any CPU
	EndGlobalSection
	GlobalSection(SolutionProperties) = preSolution
		HideSolutionNode = FALSE
	EndGlobalSection
	GlobalSection(ExtensibilityGlobals) = postSolution
		SolutionGuid = {1AE07173-1E44-4303-A6D4-EF16984CBAA3}
	EndGlobalSection
	GlobalSection(SharedMSBuildProjectFiles) = preSolution
		SharedModels\SharedModels.projitems*{2b061aa0-72f4-4566-8f89-18e2439bb12e}*SharedItemsImports = 13
		SharedModels\SharedModels.projitems*{75277909-48cf-4f78-bd9c-2239652313cc}*SharedItemsImports = 5
		SharedModels\SharedModels.projitems*{eb129754-2fe1-49a9-8a0c-89380a667b1f}*SharedItemsImports = 5
	EndGlobalSection
EndGlobal
